// !$*UTF8*$!
{
	archiveVersion = 1;
	classes = {
	};
	objectVersion = 46;
	objects = {

/* Begin PBXBuildFile section */
		BCB8E2651ADDC7FD0048DAC5 /* AppDelegate.swift in Sources */ = {isa = PBXBuildFile; fileRef = BCB8E2641ADDC7FD0048DAC5 /* AppDelegate.swift */; };
		BCB8E2671ADDC7FD0048DAC5 /* ViewController.swift in Sources */ = {isa = PBXBuildFile; fileRef = BCB8E2661ADDC7FD0048DAC5 /* ViewController.swift */; };
		BCB8E26A1ADDC7FD0048DAC5 /* Main.storyboard in Resources */ = {isa = PBXBuildFile; fileRef = BCB8E2681ADDC7FD0048DAC5 /* Main.storyboard */; };
		BCB8E26C1ADDC7FD0048DAC5 /* Images.xcassets in Resources */ = {isa = PBXBuildFile; fileRef = BCB8E26B1ADDC7FD0048DAC5 /* Images.xcassets */; };
		BCB8E26F1ADDC7FD0048DAC5 /* LaunchScreen.xib in Resources */ = {isa = PBXBuildFile; fileRef = BCB8E26D1ADDC7FD0048DAC5 /* LaunchScreen.xib */; };
		BCB8E27B1ADDC7FD0048DAC5 /* Pitch_PerfectTests.swift in Sources */ = {isa = PBXBuildFile; fileRef = BCB8E27A1ADDC7FD0048DAC5 /* Pitch_PerfectTests.swift */; };
/* End PBXBuildFile section */

/* Begin PBXContainerItemProxy section */
		BCB8E2751ADDC7FD0048DAC5 /* PBXContainerItemProxy */ = {
			isa = PBXContainerItemProxy;
			containerPortal = BCB8E2571ADDC7FC0048DAC5 /* Project object */;
			proxyType = 1;
			remoteGlobalIDString = BCB8E25E1ADDC7FC0048DAC5;
			remoteInfo = "Pitch Perfect";
		};
/* End PBXContainerItemProxy section */

/* Begin PBXFileReference section */
		BCB8E25F1ADDC7FD0048DAC5 /* Pitch Perfect.app */ = {isa = PBXFileReference; explicitFileType = wrapper.application; includeInIndex = 0; path = "Pitch Perfect.app"; sourceTree = BUILT_PRODUCTS_DIR; };
		BCB8E2631ADDC7FD0048DAC5 /* Info.plist */ = {isa = PBXFileReference; lastKnownFileType = text.plist.xml; path = Info.plist; sourceTree = "<group>"; };
		BCB8E2641ADDC7FD0048DAC5 /* AppDelegate.swift */ = {isa = PBXFileReference; lastKnownFileType = sourcecode.swift; path = AppDelegate.swift; sourceTree = "<group>"; };
		BCB8E2661ADDC7FD0048DAC5 /* ViewController.swift */ = {isa = PBXFileReference; lastKnownFileType = sourcecode.swift; path = ViewController.swift; sourceTree = "<group>"; };
		BCB8E2691ADDC7FD0048DAC5 /* Base */ = {isa = PBXFileReference; lastKnownFileType = file.storyboard; name = Base; path = Base.lproj/Main.storyboard; sourceTree = "<group>"; };
		BCB8E26B1ADDC7FD0048DAC5 /* Images.xcassets */ = {isa = PBXFileReference; lastKnownFileType = folder.assetcatalog; path = Images.xcassets; sourceTree = "<group>"; };
		BCB8E26E1ADDC7FD0048DAC5 /* Base */ = {isa = PBXFileReference; lastKnownFileType = file.xib; name = Base; path = Base.lproj/LaunchScreen.xib; sourceTree = "<group>"; };
		BCB8E2741ADDC7FD0048DAC5 /* Pitch PerfectTests.xctest */ = {isa = PBXFileReference; explicitFileType = wrapper.cfbundle; includeInIndex = 0; path = "Pitch PerfectTests.xctest"; sourceTree = BUILT_PRODUCTS_DIR; };
		BCB8E2791ADDC7FD0048DAC5 /* Info.plist */ = {isa = PBXFileReference; lastKnownFileType = text.plist.xml; path = Info.plist; sourceTree = "<group>"; };
		BCB8E27A1ADDC7FD0048DAC5 /* Pitch_PerfectTests.swift */ = {isa = PBXFileReference; lastKnownFileType = sourcecode.swift; path = Pitch_PerfectTests.swift; sourceTree = "<group>"; };
/* End PBXFileReference section */

/* Begin PBXFrameworksBuildPhase section */
		BCB8E25C1ADDC7FC0048DAC5 /* Frameworks */ = {
			isa = PBXFrameworksBuildPhase;
			buildActionMask = 2147483647;
			files = (
			);
			runOnlyForDeploymentPostprocessing = 0;
		};
		BCB8E2711ADDC7FD0048DAC5 /* Frameworks */ = {
			isa = PBXFrameworksBuildPhase;
			buildActionMask = 2147483647;
			files = (
			);
			runOnlyForDeploymentPostprocessing = 0;
		};
/* End PBXFrameworksBuildPhase section */

/* Begin PBXGroup section */
		BCB8E2561ADDC7FC0048DAC5 = {
			isa = PBXGroup;
			children = (
				BCB8E2611ADDC7FD0048DAC5 /* Pitch Perfect */,
				BCB8E2771ADDC7FD0048DAC5 /* Pitch PerfectTests */,
				BCB8E2601ADDC7FD0048DAC5 /* Products */,
			);
			sourceTree = "<group>";
		};
		BCB8E2601ADDC7FD0048DAC5 /* Products */ = {
			isa = PBXGroup;
			children = (
				BCB8E25F1ADDC7FD0048DAC5 /* Pitch Perfect.app */,
				BCB8E2741ADDC7FD0048DAC5 /* Pitch PerfectTests.xctest */,
			);
			name = Products;
			sourceTree = "<group>";
		};
		BCB8E2611ADDC7FD0048DAC5 /* Pitch Perfect */ = {
			isa = PBXGroup;
			children = (
				BCB8E2641ADDC7FD0048DAC5 /* AppDelegate.swift */,
				BCB8E2661ADDC7FD0048DAC5 /* ViewController.swift */,
				BCB8E2681ADDC7FD0048DAC5 /* Main.storyboard */,
				BCB8E26B1ADDC7FD0048DAC5 /* Images.xcassets */,
				BCB8E26D1ADDC7FD0048DAC5 /* LaunchScreen.xib */,
				BCB8E2621ADDC7FD0048DAC5 /* Supporting Files */,
			);
			path = "Pitch Perfect";
			sourceTree = "<group>";
		};
		BCB8E2621ADDC7FD0048DAC5 /* Supporting Files */ = {
			isa = PBXGroup;
			children = (
				BCB8E2631ADDC7FD0048DAC5 /* Info.plist */,
			);
			name = "Supporting Files";
			sourceTree = "<group>";
		};
		BCB8E2771ADDC7FD0048DAC5 /* Pitch PerfectTests */ = {
			isa = PBXGroup;
			children = (
				BCB8E27A1ADDC7FD0048DAC5 /* Pitch_PerfectTests.swift */,
				BCB8E2781ADDC7FD0048DAC5 /* Supporting Files */,
			);
			path = "Pitch PerfectTests";
			sourceTree = "<group>";
		};
		BCB8E2781ADDC7FD0048DAC5 /* Supporting Files */ = {
			isa = PBXGroup;
			children = (
				BCB8E2791ADDC7FD0048DAC5 /* Info.plist */,
			);
			name = "Supporting Files";
			sourceTree = "<group>";
		};
/* End PBXGroup section */

/* Begin PBXNativeTarget section */
		BCB8E25E1ADDC7FC0048DAC5 /* Pitch Perfect */ = {
			isa = PBXNativeTarget;
			buildConfigurationList = BCB8E27E1ADDC7FD0048DAC5 /* Build configuration list for PBXNativeTarget "Pitch Perfect" */;
			buildPhases = (
				BCB8E25B1ADDC7FC0048DAC5 /* Sources */,
				BCB8E25C1ADDC7FC0048DAC5 /* Frameworks */,
				BCB8E25D1ADDC7FC0048DAC5 /* Resources */,
			);
			buildRules = (
			);
			dependencies = (
			);
			name = "Pitch Perfect";
			productName = "Pitch Perfect";
			productReference = BCB8E25F1ADDC7FD0048DAC5 /* Pitch Perfect.app */;
			productType = "com.apple.product-type.application";
		};
		BCB8E2731ADDC7FD0048DAC5 /* Pitch PerfectTests */ = {
			isa = PBXNativeTarget;
			buildConfigurationList = BCB8E2811ADDC7FD0048DAC5 /* Build configuration list for PBXNativeTarget "Pitch PerfectTests" */;
			buildPhases = (
				BCB8E2701ADDC7FD0048DAC5 /* Sources */,
				BCB8E2711ADDC7FD0048DAC5 /* Frameworks */,
				BCB8E2721ADDC7FD0048DAC5 /* Resources */,
			);
			buildRules = (
			);
			dependencies = (
				BCB8E2761ADDC7FD0048DAC5 /* PBXTargetDependency */,
			);
			name = "Pitch PerfectTests";
			productName = "Pitch PerfectTests";
			productReference = BCB8E2741ADDC7FD0048DAC5 /* Pitch PerfectTests.xctest */;
			productType = "com.apple.product-type.bundle.unit-test";
		};
/* End PBXNativeTarget section */

/* Begin PBXProject section */
		BCB8E2571ADDC7FC0048DAC5 /* Project object */ = {
			isa = PBXProject;
			attributes = {
				LastUpgradeCheck = 0630;
				ORGANIZATIONNAME = "Josué Cardona - test";
				TargetAttributes = {
					BCB8E25E1ADDC7FC0048DAC5 = {
						CreatedOnToolsVersion = 6.3;
					};
					BCB8E2731ADDC7FD0048DAC5 = {
						CreatedOnToolsVersion = 6.3;
						TestTargetID = BCB8E25E1ADDC7FC0048DAC5;
					};
				};
			};
			buildConfigurationList = BCB8E25A1ADDC7FC0048DAC5 /* Build configuration list for PBXProject "Pitch Perfect" */;
			compatibilityVersion = "Xcode 3.2";
			developmentRegion = English;
			hasScannedForEncodings = 0;
			knownRegions = (
				en,
				Base,
			);
			mainGroup = BCB8E2561ADDC7FC0048DAC5;
			productRefGroup = BCB8E2601ADDC7FD0048DAC5 /* Products */;
			projectDirPath = "";
			projectRoot = "";
			targets = (
				BCB8E25E1ADDC7FC0048DAC5 /* Pitch Perfect */,
				BCB8E2731ADDC7FD0048DAC5 /* Pitch PerfectTests */,
			);
		};
/* End PBXProject section */

/* Begin PBXResourcesBuildPhase section */
		BCB8E25D1ADDC7FC0048DAC5 /* Resources */ = {
			isa = PBXResourcesBuildPhase;
			buildActionMask = 2147483647;
			files = (
				BCB8E26A1ADDC7FD0048DAC5 /* Main.storyboard in Resources */,
				BCB8E26F1ADDC7FD0048DAC5 /* LaunchScreen.xib in Resources */,
				BCB8E26C1ADDC7FD0048DAC5 /* Images.xcassets in Resources */,
			);
			runOnlyForDeploymentPostprocessing = 0;
		};
		BCB8E2721ADDC7FD0048DAC5 /* Resources */ = {
			isa = PBXResourcesBuildPhase;
			buildActionMask = 2147483647;
			files = (
			);
			runOnlyForDeploymentPostprocessing = 0;
		};
/* End PBXResourcesBuildPhase section */

/* Begin PBXSourcesBuildPhase section */
		BCB8E25B1ADDC7FC0048DAC5 /* Sources */ = {
			isa = PBXSourcesBuildPhase;
			buildActionMask = 2147483647;
			files = (
				BCB8E2671ADDC7FD0048DAC5 /* ViewController.swift in Sources */,
				BCB8E2651ADDC7FD0048DAC5 /* AppDelegate.swift in Sources */,
			);
			runOnlyForDeploymentPostprocessing = 0;
		};
		BCB8E2701ADDC7FD0048DAC5 /* Sources */ = {
			isa = PBXSourcesBuildPhase;
			buildActionMask = 2147483647;
			files = (
				BCB8E27B1ADDC7FD0048DAC5 /* Pitch_PerfectTests.swift in Sources */,
			);
			runOnlyForDeploymentPostprocessing = 0;
		};
/* End PBXSourcesBuildPhase section */

/* Begin PBXTargetDependency section */
		BCB8E2761ADDC7FD0048DAC5 /* PBXTargetDependency */ = {
			isa = PBXTargetDependency;
			target = BCB8E25E1ADDC7FC0048DAC5 /* Pitch Perfect */;
			targetProxy = BCB8E2751ADDC7FD0048DAC5 /* PBXContainerItemProxy */;
		};
/* End PBXTargetDependency section */

/* Begin PBXVariantGroup section */
		BCB8E2681ADDC7FD0048DAC5 /* Main.storyboard */ = {
			isa = PBXVariantGroup;
			children = (
				BCB8E2691ADDC7FD0048DAC5 /* Base */,
			);
			name = Main.storyboard;
			sourceTree = "<group>";
		};
		BCB8E26D1ADDC7FD0048DAC5 /* LaunchScreen.xib */ = {
			isa = PBXVariantGroup;
			children = (
				BCB8E26E1ADDC7FD0048DAC5 /* Base */,
			);
			name = LaunchScreen.xib;
			sourceTree = "<group>";
		};
/* End PBXVariantGroup section */

/* Begin XCBuildConfiguration section */
		BCB8E27C1ADDC7FD0048DAC5 /* Debug */ = {
			isa = XCBuildConfiguration;
			buildSettings = {
				ALWAYS_SEARCH_USER_PATHS = NO;
				CLANG_CXX_LANGUAGE_STANDARD = "gnu++0x";
				CLANG_CXX_LIBRARY = "libc++";
				CLANG_ENABLE_MODULES = YES;
				CLANG_ENABLE_OBJC_ARC = YES;
				CLANG_WARN_BOOL_CONVERSION = YES;
				CLANG_WARN_CONSTANT_CONVERSION = YES;
				CLANG_WARN_DIRECT_OBJC_ISA_USAGE = YES_ERROR;
				CLANG_WARN_EMPTY_BODY = YES;
				CLANG_WARN_ENUM_CONVERSION = YES;
				CLANG_WARN_INT_CONVERSION = YES;
				CLANG_WARN_OBJC_ROOT_CLASS = YES_ERROR;
				CLANG_WARN_UNREACHABLE_CODE = YES;
				CLANG_WARN__DUPLICATE_METHOD_MATCH = YES;
				"CODE_SIGN_IDENTITY[sdk=iphoneos*]" = "iPhone Developer";
				COPY_PHASE_STRIP = NO;
				DEBUG_INFORMATION_FORMAT = "dwarf-with-dsym";
				ENABLE_STRICT_OBJC_MSGSEND = YES;
				GCC_C_LANGUAGE_STANDARD = gnu99;
				GCC_DYNAMIC_NO_PIC = NO;
				GCC_NO_COMMON_BLOCKS = YES;
				GCC_OPTIMIZATION_LEVEL = 0;
				GCC_PREPROCESSOR_DEFINITIONS = (
					"DEBUG=1",
					"$(inherited)",
				);
				GCC_SYMBOLS_PRIVATE_EXTERN = NO;
				GCC_WARN_64_TO_32_BIT_CONVERSION = YES;
				GCC_WARN_ABOUT_RETURN_TYPE = YES_ERROR;
				GCC_WARN_UNDECLARED_SELECTOR = YES;
				GCC_WARN_UNINITIALIZED_AUTOS = YES_AGGRESSIVE;
				GCC_WARN_UNUSED_FUNCTION = YES;
				GCC_WARN_UNUSED_VARIABLE = YES;
				IPHONEOS_DEPLOYMENT_TARGET = 8.3;
				MTL_ENABLE_DEBUG_INFO = YES;
				ONLY_ACTIVE_ARCH = YES;
				SDKROOT = iphoneos;
				SWIFT_OPTIMIZATION_LEVEL = "-Onone";
			};
			name = Debug;
		};
		BCB8E27D1ADDC7FD0048DAC5 /* Release */ = {
			isa = XCBuildConfiguration;
			buildSettings = {
				ALWAYS_SEARCH_USER_PATHS = NO;
				CLANG_CXX_LANGUAGE_STANDARD = "gnu++0x";
				CLANG_CXX_LIBRARY = "libc++";
				CLANG_ENABLE_MODULES = YES;
				CLANG_ENABLE_OBJC_ARC = YES;
				CLANG_WARN_BOOL_CONVERSION = YES;
				CLANG_WARN_CONSTANT_CONVERSION = YES;
				CLANG_WARN_DIRECT_OBJC_ISA_USAGE = YES_ERROR;
				CLANG_WARN_EMPTY_BODY = YES;
				CLANG_WARN_ENUM_CONVERSION = YES;
				CLANG_WARN_INT_CONVERSION = YES;
				CLANG_WARN_OBJC_ROOT_CLASS = YES_ERROR;
				CLANG_WARN_UNREACHABLE_CODE = YES;
				CLANG_WARN__DUPLICATE_METHOD_MATCH = YES;
				"CODE_SIGN_IDENTITY[sdk=iphoneos*]" = "iPhone Developer";
				COPY_PHASE_STRIP = NO;
				DEBUG_INFORMATION_FORMAT = "dwarf-with-dsym";
				ENABLE_NS_ASSERTIONS = NO;
				ENABLE_STRICT_OBJC_MSGSEND = YES;
				GCC_C_LANGUAGE_STANDARD = gnu99;
				GCC_NO_COMMON_BLOCKS = YES;
				GCC_WARN_64_TO_32_BIT_CONVERSION = YES;
				GCC_WARN_ABOUT_RETURN_TYPE = YES_ERROR;
				GCC_WARN_UNDECLARED_SELECTOR = YES;
				GCC_WARN_UNINITIALIZED_AUTOS = YES_AGGRESSIVE;
				GCC_WARN_UNUSED_FUNCTION = YES;
				GCC_WARN_UNUSED_VARIABLE = YES;
				IPHONEOS_DEPLOYMENT_TARGET = 8.3;
				MTL_ENABLE_DEBUG_INFO = NO;
				SDKROOT = iphoneos;
				VALIDATE_PRODUCT = YES;
			};
			name = Release;
		};
		BCB8E27F1ADDC7FD0048DAC5 /* Debug */ = {
			isa = XCBuildConfiguration;
			buildSettings = {
				ASSETCATALOG_COMPILER_APPICON_NAME = AppIcon;
				INFOPLIST_FILE = "Pitch Perfect/Info.plist";
				LD_RUNPATH_SEARCH_PATHS = "$(inherited) @executable_path/Frameworks";
				PRODUCT_NAME = "$(TARGET_NAME)";
			};
			name = Debug;
		};
		BCB8E2801ADDC7FD0048DAC5 /* Release */ = {
			isa = XCBuildConfiguration;
			buildSettings = {
				ASSETCATALOG_COMPILER_APPICON_NAME = AppIcon;
				INFOPLIST_FILE = "Pitch Perfect/Info.plist";
				LD_RUNPATH_SEARCH_PATHS = "$(inherited) @executable_path/Frameworks";
				PRODUCT_NAME = "$(TARGET_NAME)";
			};
			name = Release;
		};
		BCB8E2821ADDC7FD0048DAC5 /* Debug */ = {
			isa = XCBuildConfiguration;
			buildSettings = {
				BUNDLE_LOADER = "$(TEST_HOST)";
				FRAMEWORK_SEARCH_PATHS = (
					"$(SDKROOT)/Developer/Library/Frameworks",
					"$(inherited)",
				);
				GCC_PREPROCESSOR_DEFINITIONS = (
					"DEBUG=1",
					"$(inherited)",
				);
				INFOPLIST_FILE = "Pitch PerfectTests/Info.plist";
				LD_RUNPATH_SEARCH_PATHS = "$(inherited) @executable_path/Frameworks @loader_path/Frameworks";
				PRODUCT_NAME = "$(TARGET_NAME)";
				TEST_HOST = "$(BUILT_PRODUCTS_DIR)/Pitch Perfect.app/Pitch Perfect";
			};
			name = Debug;
		};
		BCB8E2831ADDC7FD0048DAC5 /* Release */ = {
			isa = XCBuildConfiguration;
			buildSettings = {
				BUNDLE_LOADER = "$(TEST_HOST)";
				FRAMEWORK_SEARCH_PATHS = (
					"$(SDKROOT)/Developer/Library/Frameworks",
					"$(inherited)",
				);
				INFOPLIST_FILE = "Pitch PerfectTests/Info.plist";
				LD_RUNPATH_SEARCH_PATHS = "$(inherited) @executable_path/Frameworks @loader_path/Frameworks";
				PRODUCT_NAME = "$(TARGET_NAME)";
				TEST_HOST = "$(BUILT_PRODUCTS_DIR)/Pitch Perfect.app/Pitch Perfect";
			};
			name = Release;
		};
/* End XCBuildConfiguration section */

/* Begin XCConfigurationList section */
		BCB8E25A1ADDC7FC0048DAC5 /* Build configuration list for PBXProject "Pitch Perfect" */ = {
			isa = XCConfigurationList;
			buildConfigurations = (
				BCB8E27C1ADDC7FD0048DAC5 /* Debug */,
				BCB8E27D1ADDC7FD0048DAC5 /* Release */,
			);
			defaultConfigurationIsVisible = 0;
			defaultConfigurationName = Release;
		};
		BCB8E27E1ADDC7FD0048DAC5 /* Build configuration list for PBXNativeTarget "Pitch Perfect" */ = {
			isa = XCConfigurationList;
			buildConfigurations = (
				BCB8E27F1ADDC7FD0048DAC5 /* Debug */,
				BCB8E2801ADDC7FD0048DAC5 /* Release */,
			);
			defaultConfigurationIsVisible = 0;
		};
		BCB8E2811ADDC7FD0048DAC5 /* Build configuration list for PBXNativeTarget "Pitch PerfectTests" */ = {
			isa = XCConfigurationList;
			buildConfigurations = (
				BCB8E2821ADDC7FD0048DAC5 /* Debug */,
				BCB8E2831ADDC7FD0048DAC5 /* Release */,
			);
			defaultConfigurationIsVisible = 0;
		};
/* End XCConfigurationList section */
	};
	rootObject = BCB8E2571ADDC7FC0048DAC5 /* Project object */;
}
